
Microsoft Visual Studio Solution File, Format Version 12.00
# Visual Studio Version 16
VisualStudioVersion = 16.0.31515.178
MinimumVisualStudioVersion = 10.0.40219.1
Project("{888888A0-9F3D-457C-B088-3A5042F75D52}") = "Movie Lab Part 2", "Movie Lab Part 2.pyproj", "{FA03B7CB-BBB6-424D-A4EE-FFF4D5694D54}"
EndProject
Global
	GlobalSection(SolutionConfigurationPlatforms) = preSolution
		Debug|Any CPU = Debug|Any CPU
		Release|Any CPU = Release|Any CPU
	EndGlobalSection
	GlobalSection(ProjectConfigurationPlatforms) = postSolution
		{FA03B7CB-BBB6-424D-A4EE-FFF4D5694D54}.Debug|Any CPU.ActiveCfg = Debug|Any CPU
		{FA03B7CB-BBB6-424D-A4EE-FFF4D5694D54}.Release|Any CPU.ActiveCfg = Release|Any CPU
	EndGlobalSection
	GlobalSection(SolutionProperties) = preSolution
		HideSolutionNode = FALSE
	EndGlobalSection
	GlobalSection(ExtensibilityGlobals) = postSolution
		SolutionGuid = {0C8F499C-2F91-45F7-9362-2C502C8F78AE}
	EndGlobalSection
EndGlobal
